// !$*UTF8*$!
{
	archiveVersion = 1;
	classes = {
	};
	objectVersion = 46;
	objects = {

/* Begin PBXBuildFile section */
		923F1CA81C05114D006DF1D7 /* AppDelegate.swift in Sources */ = {isa = PBXBuildFile; fileRef = 923F1CA71C05114D006DF1D7 /* AppDelegate.swift */; };
		923F1CAD1C05114D006DF1D7 /* Main.storyboard in Resources */ = {isa = PBXBuildFile; fileRef = 923F1CAB1C05114D006DF1D7 /* Main.storyboard */; };
		923F1CAF1C05114D006DF1D7 /* Assets.xcassets in Resources */ = {isa = PBXBuildFile; fileRef = 923F1CAE1C05114D006DF1D7 /* Assets.xcassets */; };
		923F1CB21C05114D006DF1D7 /* LaunchScreen.storyboard in Resources */ = {isa = PBXBuildFile; fileRef = 923F1CB01C05114D006DF1D7 /* LaunchScreen.storyboard */; };
		923F1CBD1C05114D006DF1D7 /* DropitTests.swift in Sources */ = {isa = PBXBuildFile; fileRef = 923F1CBC1C05114D006DF1D7 /* DropitTests.swift */; };
		923F1CC81C05114D006DF1D7 /* DropitUITests.swift in Sources */ = {isa = PBXBuildFile; fileRef = 923F1CC71C05114D006DF1D7 /* DropitUITests.swift */; };
		923F1CD61C0518F2006DF1D7 /* DropitViewContoller.swift in Sources */ = {isa = PBXBuildFile; fileRef = 923F1CD51C0518F2006DF1D7 /* DropitViewContoller.swift */; };
/* End PBXBuildFile section */

/* Begin PBXContainerItemProxy section */
		923F1CB91C05114D006DF1D7 /* PBXContainerItemProxy */ = {
			isa = PBXContainerItemProxy;
			containerPortal = 923F1C9C1C05114D006DF1D7 /* Project object */;
			proxyType = 1;
			remoteGlobalIDString = 923F1CA31C05114D006DF1D7;
			remoteInfo = Dropit;
		};
		923F1CC41C05114D006DF1D7 /* PBXContainerItemProxy */ = {
			isa = PBXContainerItemProxy;
			containerPortal = 923F1C9C1C05114D006DF1D7 /* Project object */;
			proxyType = 1;
			remoteGlobalIDString = 923F1CA31C05114D006DF1D7;
			remoteInfo = Dropit;
		};
/* End PBXContainerItemProxy section */

/* Begin PBXFileReference section */
		923F1CA41C05114D006DF1D7 /* Dropit.app */ = {isa = PBXFileReference; explicitFileType = wrapper.application; includeInIndex = 0; path = Dropit.app; sourceTree = BUILT_PRODUCTS_DIR; };
		923F1CA71C05114D006DF1D7 /* AppDelegate.swift */ = {isa = PBXFileReference; lastKnownFileType = sourcecode.swift; path = AppDelegate.swift; sourceTree = "<group>"; };
		923F1CAC1C05114D006DF1D7 /* Base */ = {isa = PBXFileReference; lastKnownFileType = file.storyboard; name = Base; path = Base.lproj/Main.storyboard; sourceTree = "<group>"; };
		923F1CAE1C05114D006DF1D7 /* Assets.xcassets */ = {isa = PBXFileReference; lastKnownFileType = folder.assetcatalog; path = Assets.xcassets; sourceTree = "<group>"; };
		923F1CB11C05114D006DF1D7 /* Base */ = {isa = PBXFileReference; lastKnownFileType = file.storyboard; name = Base; path = Base.lproj/LaunchScreen.storyboard; sourceTree = "<group>"; };
		923F1CB31C05114D006DF1D7 /* Info.plist */ = {isa = PBXFileReference; lastKnownFileType = text.plist.xml; path = Info.plist; sourceTree = "<group>"; };
		923F1CB81C05114D006DF1D7 /* DropitTests.xctest */ = {isa = PBXFileReference; explicitFileType = wrapper.cfbundle; includeInIndex = 0; path = DropitTests.xctest; sourceTree = BUILT_PRODUCTS_DIR; };
		923F1CBC1C05114D006DF1D7 /* DropitTests.swift */ = {isa = PBXFileReference; lastKnownFileType = sourcecode.swift; path = DropitTests.swift; sourceTree = "<group>"; };
		923F1CBE1C05114D006DF1D7 /* Info.plist */ = {isa = PBXFileReference; lastKnownFileType = text.plist.xml; path = Info.plist; sourceTree = "<group>"; };
		923F1CC31C05114D006DF1D7 /* DropitUITests.xctest */ = {isa = PBXFileReference; explicitFileType = wrapper.cfbundle; includeInIndex = 0; path = DropitUITests.xctest; sourceTree = BUILT_PRODUCTS_DIR; };
		923F1CC71C05114D006DF1D7 /* DropitUITests.swift */ = {isa = PBXFileReference; lastKnownFileType = sourcecode.swift; path = DropitUITests.swift; sourceTree = "<group>"; };
		923F1CC91C05114D006DF1D7 /* Info.plist */ = {isa = PBXFileReference; lastKnownFileType = text.plist.xml; path = Info.plist; sourceTree = "<group>"; };
		923F1CD51C0518F2006DF1D7 /* DropitViewContoller.swift */ = {isa = PBXFileReference; fileEncoding = 4; lastKnownFileType = sourcecode.swift; path = DropitViewContoller.swift; sourceTree = "<group>"; };
/* End PBXFileReference section */

/* Begin PBXFrameworksBuildPhase section */
		923F1CA11C05114D006DF1D7 /* Frameworks */ = {
			isa = PBXFrameworksBuildPhase;
			buildActionMask = 2147483647;
			files = (
			);
			runOnlyForDeploymentPostprocessing = 0;
		};
		923F1CB51C05114D006DF1D7 /* Frameworks */ = {
			isa = PBXFrameworksBuildPhase;
			buildActionMask = 2147483647;
			files = (
			);
			runOnlyForDeploymentPostprocessing = 0;
		};
		923F1CC01C05114D006DF1D7 /* Frameworks */ = {
			isa = PBXFrameworksBuildPhase;
			buildActionMask = 2147483647;
			files = (
			);
			runOnlyForDeploymentPostprocessing = 0;
		};
/* End PBXFrameworksBuildPhase section */

/* Begin PBXGroup section */
		923F1C9B1C05114D006DF1D7 = {
			isa = PBXGroup;
			children = (
				923F1CA61C05114D006DF1D7 /* Dropit */,
				923F1CBB1C05114D006DF1D7 /* DropitTests */,
				923F1CC61C05114D006DF1D7 /* DropitUITests */,
				923F1CA51C05114D006DF1D7 /* Products */,
			);
			sourceTree = "<group>";
		};
		923F1CA51C05114D006DF1D7 /* Products */ = {
			isa = PBXGroup;
			children = (
				923F1CA41C05114D006DF1D7 /* Dropit.app */,
				923F1CB81C05114D006DF1D7 /* DropitTests.xctest */,
				923F1CC31C05114D006DF1D7 /* DropitUITests.xctest */,
			);
			name = Products;
			sourceTree = "<group>";
		};
		923F1CA61C05114D006DF1D7 /* Dropit */ = {
			isa = PBXGroup;
			children = (
				923F1CA71C05114D006DF1D7 /* AppDelegate.swift */,
				923F1CAB1C05114D006DF1D7 /* Main.storyboard */,
				923F1CD51C0518F2006DF1D7 /* DropitViewContoller.swift */,
				923F1CAE1C05114D006DF1D7 /* Assets.xcassets */,
				923F1CB01C05114D006DF1D7 /* LaunchScreen.storyboard */,
				923F1CB31C05114D006DF1D7 /* Info.plist */,
			);
			path = Dropit;
			sourceTree = "<group>";
		};
		923F1CBB1C05114D006DF1D7 /* DropitTests */ = {
			isa = PBXGroup;
			children = (
				923F1CBC1C05114D006DF1D7 /* DropitTests.swift */,
				923F1CBE1C05114D006DF1D7 /* Info.plist */,
			);
			path = DropitTests;
			sourceTree = "<group>";
		};
		923F1CC61C05114D006DF1D7 /* DropitUITests */ = {
			isa = PBXGroup;
			children = (
				923F1CC71C05114D006DF1D7 /* DropitUITests.swift */,
				923F1CC91C05114D006DF1D7 /* Info.plist */,
			);
			path = DropitUITests;
			sourceTree = "<group>";
		};
/* End PBXGroup section */

/* Begin PBXNativeTarget section */
		923F1CA31C05114D006DF1D7 /* Dropit */ = {
			isa = PBXNativeTarget;
			buildConfigurationList = 923F1CCC1C05114D006DF1D7 /* Build configuration list for PBXNativeTarget "Dropit" */;
			buildPhases = (
				923F1CA01C05114D006DF1D7 /* Sources */,
				923F1CA11C05114D006DF1D7 /* Frameworks */,
				923F1CA21C05114D006DF1D7 /* Resources */,
			);
			buildRules = (
			);
			dependencies = (
			);
			name = Dropit;
			productName = Dropit;
			productReference = 923F1CA41C05114D006DF1D7 /* Dropit.app */;
			productType = "com.apple.product-type.application";
		};
		923F1CB71C05114D006DF1D7 /* DropitTests */ = {
			isa = PBXNativeTarget;
			buildConfigurationList = 923F1CCF1C05114D006DF1D7 /* Build configuration list for PBXNativeTarget "DropitTests" */;
			buildPhases = (
				923F1CB41C05114D006DF1D7 /* Sources */,
				923F1CB51C05114D006DF1D7 /* Frameworks */,
				923F1CB61C05114D006DF1D7 /* Resources */,
			);
			buildRules = (
			);
			dependencies = (
				923F1CBA1C05114D006DF1D7 /* PBXTargetDependency */,
			);
			name = DropitTests;
			productName = DropitTests;
			productReference = 923F1CB81C05114D006DF1D7 /* DropitTests.xctest */;
			productType = "com.apple.product-type.bundle.unit-test";
		};
		923F1CC21C05114D006DF1D7 /* DropitUITests */ = {
			isa = PBXNativeTarget;
			buildConfigurationList = 923F1CD21C05114D006DF1D7 /* Build configuration list for PBXNativeTarget "DropitUITests" */;
			buildPhases = (
				923F1CBF1C05114D006DF1D7 /* Sources */,
				923F1CC01C05114D006DF1D7 /* Frameworks */,
				923F1CC11C05114D006DF1D7 /* Resources */,
			);
			buildRules = (
			);
			dependencies = (
				923F1CC51C05114D006DF1D7 /* PBXTargetDependency */,
			);
			name = DropitUITests;
			productName = DropitUITests;
			productReference = 923F1CC31C05114D006DF1D7 /* DropitUITests.xctest */;
			productType = "com.apple.product-type.bundle.ui-testing";
		};
/* End PBXNativeTarget section */

/* Begin PBXProject section */
		923F1C9C1C05114D006DF1D7 /* Project object */ = {
			isa = PBXProject;
			attributes = {
				LastSwiftUpdateCheck = 0710;
				LastUpgradeCheck = 0710;
				ORGANIZATIONNAME = "Anthony Rosario";
				TargetAttributes = {
					923F1CA31C05114D006DF1D7 = {
						CreatedOnToolsVersion = 7.1;
						DevelopmentTeam = QVYRS7FNYV;
					};
					923F1CB71C05114D006DF1D7 = {
						CreatedOnToolsVersion = 7.1;
						DevelopmentTeam = QVYRS7FNYV;
						TestTargetID = 923F1CA31C05114D006DF1D7;
					};
					923F1CC21C05114D006DF1D7 = {
						CreatedOnToolsVersion = 7.1;
						DevelopmentTeam = QVYRS7FNYV;
						TestTargetID = 923F1CA31C05114D006DF1D7;
					};
				};
			};
			buildConfigurationList = 923F1C9F1C05114D006DF1D7 /* Build configuration list for PBXProject "Dropit" */;
			compatibilityVersion = "Xcode 3.2";
			developmentRegion = English;
			hasScannedForEncodings = 0;
			knownRegions = (
				en,
				Base,
			);
			mainGroup = 923F1C9B1C05114D006DF1D7;
			productRefGroup = 923F1CA51C05114D006DF1D7 /* Products */;
			projectDirPath = "";
			projectRoot = "";
			targets = (
				923F1CA31C05114D006DF1D7 /* Dropit */,
				923F1CB71C05114D006DF1D7 /* DropitTests */,
				923F1CC21C05114D006DF1D7 /* DropitUITests */,
			);
		};
/* End PBXProject section */

/* Begin PBXResourcesBuildPhase section */
		923F1CA21C05114D006DF1D7 /* Resources */ = {
			isa = PBXResourcesBuildPhase;
			buildActionMask = 2147483647;
			files = (
				923F1CB21C05114D006DF1D7 /* LaunchScreen.storyboard in Resources */,
				923F1CAF1C05114D006DF1D7 /* Assets.xcassets in Resources */,
				923F1CAD1C05114D006DF1D7 /* Main.storyboard in Resources */,
			);
			runOnlyForDeploymentPostprocessing = 0;
		};
		923F1CB61C05114D006DF1D7 /* Resources */ = {
			isa = PBXResourcesBuildPhase;
			buildActionMask = 2147483647;
			files = (
			);
			runOnlyForDeploymentPostprocessing = 0;
		};
		923F1CC11C05114D006DF1D7 /* Resources */ = {
			isa = PBXResourcesBuildPhase;
			buildActionMask = 2147483647;
			files = (
			);
			runOnlyForDeploymentPostprocessing = 0;
		};
/* End PBXResourcesBuildPhase section */

/* Begin PBXSourcesBuildPhase section */
		923F1CA01C05114D006DF1D7 /* Sources */ = {
			isa = PBXSourcesBuildPhase;
			buildActionMask = 2147483647;
			files = (
				923F1CA81C05114D006DF1D7 /* AppDelegate.swift in Sources */,
				923F1CD61C0518F2006DF1D7 /* DropitViewContoller.swift in Sources */,
			);
			runOnlyForDeploymentPostprocessing = 0;
		};
		923F1CB41C05114D006DF1D7 /* Sources */ = {
			isa = PBXSourcesBuildPhase;
			buildActionMask = 2147483647;
			files = (
				923F1CBD1C05114D006DF1D7 /* DropitTests.swift in Sources */,
			);
			runOnlyForDeploymentPostprocessing = 0;
		};
		923F1CBF1C05114D006DF1D7 /* Sources */ = {
			isa = PBXSourcesBuildPhase;
			buildActionMask = 2147483647;
			files = (
				923F1CC81C05114D006DF1D7 /* DropitUITests.swift in Sources */,
			);
			runOnlyForDeploymentPostprocessing = 0;
		};
/* End PBXSourcesBuildPhase section */

/* Begin PBXTargetDependency section */
		923F1CBA1C05114D006DF1D7 /* PBXTargetDependency */ = {
			isa = PBXTargetDependency;
			target = 923F1CA31C05114D006DF1D7 /* Dropit */;
			targetProxy = 923F1CB91C05114D006DF1D7 /* PBXContainerItemProxy */;
		};
		923F1CC51C05114D006DF1D7 /* PBXTargetDependency */ = {
			isa = PBXTargetDependency;
			target = 923F1CA31C05114D006DF1D7 /* Dropit */;
			targetProxy = 923F1CC41C05114D006DF1D7 /* PBXContainerItemProxy */;
		};
/* End PBXTargetDependency section */

/* Begin PBXVariantGroup section */
		923F1CAB1C05114D006DF1D7 /* Main.storyboard */ = {
			isa = PBXVariantGroup;
			children = (
				923F1CAC1C05114D006DF1D7 /* Base */,
			);
			name = Main.storyboard;
			sourceTree = "<group>";
		};
		923F1CB01C05114D006DF1D7 /* LaunchScreen.storyboard */ = {
			isa = PBXVariantGroup;
			children = (
				923F1CB11C05114D006DF1D7 /* Base */,
			);
			name = LaunchScreen.storyboard;
			sourceTree = "<group>";
		};
/* End PBXVariantGroup section */

/* Begin XCBuildConfiguration section */
		923F1CCA1C05114D006DF1D7 /* Debug */ = {
			isa = XCBuildConfiguration;
			buildSettings = {
				ALWAYS_SEARCH_USER_PATHS = NO;
				CLANG_CXX_LANGUAGE_STANDARD = "gnu++0x";
				CLANG_CXX_LIBRARY = "libc++";
				CLANG_ENABLE_MODULES = YES;
				CLANG_ENABLE_OBJC_ARC = YES;
				CLANG_WARN_BOOL_CONVERSION = YES;
				CLANG_WARN_CONSTANT_CONVERSION = YES;
				CLANG_WARN_DIRECT_OBJC_ISA_USAGE = YES_ERROR;
				CLANG_WARN_EMPTY_BODY = YES;
				CLANG_WARN_ENUM_CONVERSION = YES;
				CLANG_WARN_INT_CONVERSION = YES;
				CLANG_WARN_OBJC_ROOT_CLASS = YES_ERROR;
				CLANG_WARN_UNREACHABLE_CODE = YES;
				CLANG_WARN__DUPLICATE_METHOD_MATCH = YES;
				"CODE_SIGN_IDENTITY[sdk=iphoneos*]" = "iPhone Developer";
				COPY_PHASE_STRIP = NO;
				DEBUG_INFORMATION_FORMAT = dwarf;
				ENABLE_STRICT_OBJC_MSGSEND = YES;
				ENABLE_TESTABILITY = YES;
				GCC_C_LANGUAGE_STANDARD = gnu99;
				GCC_DYNAMIC_NO_PIC = NO;
				GCC_NO_COMMON_BLOCKS = YES;
				GCC_OPTIMIZATION_LEVEL = 0;
				GCC_PREPROCESSOR_DEFINITIONS = (
					"DEBUG=1",
					"$(inherited)",
				);
				GCC_WARN_64_TO_32_BIT_CONVERSION = YES;
				GCC_WARN_ABOUT_RETURN_TYPE = YES_ERROR;
				GCC_WARN_UNDECLARED_SELECTOR = YES;
				GCC_WARN_UNINITIALIZED_AUTOS = YES_AGGRESSIVE;
				GCC_WARN_UNUSED_FUNCTION = YES;
				GCC_WARN_UNUSED_VARIABLE = YES;
				IPHONEOS_DEPLOYMENT_TARGET = 9.1;
				MTL_ENABLE_DEBUG_INFO = YES;
				ONLY_ACTIVE_ARCH = YES;
				SDKROOT = iphoneos;
				SWIFT_OPTIMIZATION_LEVEL = "-Onone";
				TARGETED_DEVICE_FAMILY = "1,2";
			};
			name = Debug;
		};
		923F1CCB1C05114D006DF1D7 /* Release */ = {
			isa = XCBuildConfiguration;
			buildSettings = {
				ALWAYS_SEARCH_USER_PATHS = NO;
				CLANG_CXX_LANGUAGE_STANDARD = "gnu++0x";
				CLANG_CXX_LIBRARY = "libc++";
				CLANG_ENABLE_MODULES = YES;
				CLANG_ENABLE_OBJC_ARC = YES;
				CLANG_WARN_BOOL_CONVERSION = YES;
				CLANG_WARN_CONSTANT_CONVERSION = YES;
				CLANG_WARN_DIRECT_OBJC_ISA_USAGE = YES_ERROR;
				CLANG_WARN_EMPTY_BODY = YES;
				CLANG_WARN_ENUM_CONVERSION = YES;
				CLANG_WARN_INT_CONVERSION = YES;
				CLANG_WARN_OBJC_ROOT_CLASS = YES_ERROR;
				CLANG_WARN_UNREACHABLE_CODE = YES;
				CLANG_WARN__DUPLICATE_METHOD_MATCH = YES;
				"CODE_SIGN_IDENTITY[sdk=iphoneos*]" = "iPhone Developer";
				COPY_PHASE_STRIP = NO;
				DEBUG_INFORMATION_FORMAT = "dwarf-with-dsym";
				ENABLE_NS_ASSERTIONS = NO;
				ENABLE_STRICT_OBJC_MSGSEND = YES;
				GCC_C_LANGUAGE_STANDARD = gnu99;
				GCC_NO_COMMON_BLOCKS = YES;
				GCC_WARN_64_TO_32_BIT_CONVERSION = YES;
				GCC_WARN_ABOUT_RETURN_TYPE = YES_ERROR;
				GCC_WARN_UNDECLARED_SELECTOR = YES;
				GCC_WARN_UNINITIALIZED_AUTOS = YES_AGGRESSIVE;
				GCC_WARN_UNUSED_FUNCTION = YES;
				GCC_WARN_UNUSED_VARIABLE = YES;
				IPHONEOS_DEPLOYMENT_TARGET = 9.1;
				MTL_ENABLE_DEBUG_INFO = NO;
				SDKROOT = iphoneos;
				TARGETED_DEVICE_FAMILY = "1,2";
				VALIDATE_PRODUCT = YES;
			};
			name = Release;
		};
		923F1CCD1C05114D006DF1D7 /* Debug */ = {
			isa = XCBuildConfiguration;
			buildSettings = {
				ASSETCATALOG_COMPILER_APPICON_NAME = AppIcon;
				INFOPLIST_FILE = Dropit/Info.plist;
				LD_RUNPATH_SEARCH_PATHS = "$(inherited) @executable_path/Frameworks";
				PRODUCT_BUNDLE_IDENTIFIER = com.ajrosario.Dropit;
				PRODUCT_NAME = "$(TARGET_NAME)";
			};
			name = Debug;
		};
		923F1CCE1C05114D006DF1D7 /* Release */ = {
			isa = XCBuildConfiguration;
			buildSettings = {
				ASSETCATALOG_COMPILER_APPICON_NAME = AppIcon;
				INFOPLIST_FILE = Dropit/Info.plist;
				LD_RUNPATH_SEARCH_PATHS = "$(inherited) @executable_path/Frameworks";
				PRODUCT_BUNDLE_IDENTIFIER = com.ajrosario.Dropit;
				PRODUCT_NAME = "$(TARGET_NAME)";
			};
			name = Release;
		};
		923F1CD01C05114D006DF1D7 /* Debug */ = {
			isa = XCBuildConfiguration;
			buildSettings = {
				BUNDLE_LOADER = "$(TEST_HOST)";
				INFOPLIST_FILE = DropitTests/Info.plist;
				LD_RUNPATH_SEARCH_PATHS = "$(inherited) @executable_path/Frameworks @loader_path/Frameworks";
				PRODUCT_BUNDLE_IDENTIFIER = com.ajrosario.DropitTests;
				PRODUCT_NAME = "$(TARGET_NAME)";
				TEST_HOST = "$(BUILT_PRODUCTS_DIR)/Dropit.app/Dropit";
			};
			name = Debug;
		};
		923F1CD11C05114D006DF1D7 /* Release */ = {
			isa = XCBuildConfiguration;
			buildSettings = {
				BUNDLE_LOADER = "$(TEST_HOST)";
				INFOPLIST_FILE = DropitTests/Info.plist;
				LD_RUNPATH_SEARCH_PATHS = "$(inherited) @executable_path/Frameworks @loader_path/Frameworks";
				PRODUCT_BUNDLE_IDENTIFIER = com.ajrosario.DropitTests;
				PRODUCT_NAME = "$(TARGET_NAME)";
				TEST_HOST = "$(BUILT_PRODUCTS_DIR)/Dropit.app/Dropit";
			};
			name = Release;
		};
		923F1CD31C05114D006DF1D7 /* Debug */ = {
			isa = XCBuildConfiguration;
			buildSettings = {
				INFOPLIST_FILE = DropitUITests/Info.plist;
				LD_RUNPATH_SEARCH_PATHS = "$(inherited) @executable_path/Frameworks @loader_path/Frameworks";
				PRODUCT_BUNDLE_IDENTIFIER = com.ajrosario.DropitUITests;
				PRODUCT_NAME = "$(TARGET_NAME)";
				TEST_TARGET_NAME = Dropit;
				USES_XCTRUNNER = YES;
			};
			name = Debug;
		};
		923F1CD41C05114D006DF1D7 /* Release */ = {
			isa = XCBuildConfiguration;
			buildSettings = {
				INFOPLIST_FILE = DropitUITests/Info.plist;
				LD_RUNPATH_SEARCH_PATHS = "$(inherited) @executable_path/Frameworks @loader_path/Frameworks";
				PRODUCT_BUNDLE_IDENTIFIER = com.ajrosario.DropitUITests;
				PRODUCT_NAME = "$(TARGET_NAME)";
				TEST_TARGET_NAME = Dropit;
				USES_XCTRUNNER = YES;
			};
			name = Release;
		};
/* End XCBuildConfiguration section */

/* Begin XCConfigurationList section */
		923F1C9F1C05114D006DF1D7 /* Build configuration list for PBXProject "Dropit" */ = {
			isa = XCConfigurationList;
			buildConfigurations = (
				923F1CCA1C05114D006DF1D7 /* Debug */,
				923F1CCB1C05114D006DF1D7 /* Release */,
			);
			defaultConfigurationIsVisible = 0;
			defaultConfigurationName = Release;
		};
		923F1CCC1C05114D006DF1D7 /* Build configuration list for PBXNativeTarget "Dropit" */ = {
			isa = XCConfigurationList;
			buildConfigurations = (
				923F1CCD1C05114D006DF1D7 /* Debug */,
				923F1CCE1C05114D006DF1D7 /* Release */,
			);
			defaultConfigurationIsVisible = 0;
		};
		923F1CCF1C05114D006DF1D7 /* Build configuration list for PBXNativeTarget "DropitTests" */ = {
			isa = XCConfigurationList;
			buildConfigurations = (
				923F1CD01C05114D006DF1D7 /* Debug */,
				923F1CD11C05114D006DF1D7 /* Release */,
			);
			defaultConfigurationIsVisible = 0;
		};
		923F1CD21C05114D006DF1D7 /* Build configuration list for PBXNativeTarget "DropitUITests" */ = {
			isa = XCConfigurationList;
			buildConfigurations = (
				923F1CD31C05114D006DF1D7 /* Debug */,
				923F1CD41C05114D006DF1D7 /* Release */,
			);
			defaultConfigurationIsVisible = 0;
		};
/* End XCConfigurationList section */
	};
	rootObject = 923F1C9C1C05114D006DF1D7 /* Project object */;
}
